{
  "name": "project2",
  "lockfileVersion": 3,
  "requires": true,
  "packages": {
    "": {
      "dependencies": {
        "popularnames": "^1.0.5"
      }
    },
    "node_modules/popularnames": {
      "version": "1.0.5",
      "resolved": "https://registry.npmjs.org/popularnames/-/popularnames-1.0.5.tgz",
      "integrity": "sha512-cfrJMCZYkqqSh5vFwVbXQ/RrBosO+q5koQTOJaxIHwxuAzbJoRdGGM8k7pvoq61o8s1p8Lsd+hROsmn81ipeLg=="
    }
  }
}
